# THIS IS AN AUTOGENERATED FILE. DO NOT EDIT THIS FILE DIRECTLY.
# yarn lockfile v1


"@popperjs/core@^2.11.5":
  "integrity" "sha512-9X2obfABZuDVLCgPK9aX0a/x4jaOEweTTWE2+9sr0Qqqevj2Uv5XorvusThmc9XGYpS9yI+fhh8RTafBtGposw=="
  "resolved" "https://registry.npmjs.org/@popperjs/core/-/core-2.11.5.tgz"
  "version" "2.11.5"

"animate.css@^4.1.1":
  "integrity" "sha512-+mRmCTv6SbCmtYJCN4faJMNFVNN5EuCTTprDTAo7YzIGji2KADmakjVA3+8mVDkZ2Bf09vayB35lSQIex2+QaQ=="
  "resolved" "https://registry.npmjs.org/animate.css/-/animate.css-4.1.1.tgz"
  "version" "4.1.1"

"bootstrap@^5.2.0-beta1":
  "integrity" "sha512-6qbgs177WZEFY4SLQUq3tEHayYG80nfDmyTpdKi0MJqRMdS+HAoq24+YKfx6wf+nHY0rx8zrh477J1lFu4WzOA=="
  "resolved" "https://registry.npmjs.org/bootstrap/-/bootstrap-5.2.0-beta1.tgz"
  "version" "5.2.0-beta1"

"nes.css@^2.3.0":
  "integrity" "sha512-lCFZs9vj3f5RVdbvTL/kSxiYsOARwSeAdJaMNo+bCgmWOO9x8ay7QpT4yQVKHy3r5Dttzd0uqVdpt3fvvx6EpQ=="
  "resolved" "https://registry.npmjs.org/nes.css/-/nes.css-2.3.0.tgz"
  "version" "2.3.0"
